
Microsoft Visual Studio Solution File, Format Version 12.00
# Visual Studio 15
VisualStudioVersion = 15.0.26730.8
MinimumVisualStudioVersion = 10.0.40219.1
Project("{FAE04EC0-301F-11D3-BF4B-00C04F79EFBC}") = "ServerWebApp", "ServerWebApp\ServerWebApp.csproj", "{42ABFD64-EA45-4E79-BF59-DAF0FCC7B7CB}"
EndProject
Global
	GlobalSection(SolutionConfigurationPlatforms) = preSolution
		Debug|Any CPU = Debug|Any CPU
		Release|Any CPU = Release|Any CPU
	EndGlobalSection
	GlobalSection(ProjectConfigurationPlatforms) = postSolution
		{42ABFD64-EA45-4E79-BF59-DAF0FCC7B7CB}.Debug|Any CPU.ActiveCfg = Debug|Any CPU
		{42ABFD64-EA45-4E79-BF59-DAF0FCC7B7CB}.Debug|Any CPU.Build.0 = Debug|Any CPU
		{42ABFD64-EA45-4E79-BF59-DAF0FCC7B7CB}.Release|Any CPU.ActiveCfg = Release|Any CPU
		{42ABFD64-EA45-4E79-BF59-DAF0FCC7B7CB}.Release|Any CPU.Build.0 = Release|Any CPU
	EndGlobalSection
	GlobalSection(SolutionProperties) = preSolution
		HideSolutionNode = FALSE
	EndGlobalSection
	GlobalSection(ExtensibilityGlobals) = postSolution
		SolutionGuid = {C10C1330-A52E-4EC7-AFCE-F2367C23357D}
	EndGlobalSection
EndGlobal
